// !$*UTF8*$!
{
	archiveVersion = 1;
	classes = {
	};
	objectVersion = 46;
	objects = {

/* Begin PBXBuildFile section */
		3A441A041D1082C80089BC68 /* AppDelegate.swift in Sources */ = {isa = PBXBuildFile; fileRef = 3A441A031D1082C80089BC68 /* AppDelegate.swift */; };
		3A441A061D1082C80089BC68 /* ViewController.swift in Sources */ = {isa = PBXBuildFile; fileRef = 3A441A051D1082C80089BC68 /* ViewController.swift */; };
		3A441A091D1082C80089BC68 /* Main.storyboard in Resources */ = {isa = PBXBuildFile; fileRef = 3A441A071D1082C80089BC68 /* Main.storyboard */; };
		3A441A0B1D1082C80089BC68 /* Assets.xcassets in Resources */ = {isa = PBXBuildFile; fileRef = 3A441A0A1D1082C80089BC68 /* Assets.xcassets */; };
		3A441A0E1D1082C80089BC68 /* LaunchScreen.storyboard in Resources */ = {isa = PBXBuildFile; fileRef = 3A441A0C1D1082C80089BC68 /* LaunchScreen.storyboard */; };
		3AA2BB291D10BA6900412106 /* one_more_thing.mp3 in Resources */ = {isa = PBXBuildFile; fileRef = 3AA2BB281D10BA6900412106 /* one_more_thing.mp3 */; };
/* End PBXBuildFile section */

/* Begin PBXFileReference section */
		3A441A001D1082C80089BC68 /* SpeechRecognizerDemo.app */ = {isa = PBXFileReference; explicitFileType = wrapper.application; includeInIndex = 0; path = SpeechRecognizerDemo.app; sourceTree = BUILT_PRODUCTS_DIR; };
		3A441A031D1082C80089BC68 /* AppDelegate.swift */ = {isa = PBXFileReference; lastKnownFileType = sourcecode.swift; path = AppDelegate.swift; sourceTree = "<group>"; };
		3A441A051D1082C80089BC68 /* ViewController.swift */ = {isa = PBXFileReference; lastKnownFileType = sourcecode.swift; path = ViewController.swift; sourceTree = "<group>"; };
		3A441A081D1082C80089BC68 /* Base */ = {isa = PBXFileReference; lastKnownFileType = file.storyboard; name = Base; path = Base.lproj/Main.storyboard; sourceTree = "<group>"; };
		3A441A0A1D1082C80089BC68 /* Assets.xcassets */ = {isa = PBXFileReference; lastKnownFileType = folder.assetcatalog; path = Assets.xcassets; sourceTree = "<group>"; };
		3A441A0D1D1082C80089BC68 /* Base */ = {isa = PBXFileReference; lastKnownFileType = file.storyboard; name = Base; path = Base.lproj/LaunchScreen.storyboard; sourceTree = "<group>"; };
		3A441A0F1D1082C80089BC68 /* Info.plist */ = {isa = PBXFileReference; lastKnownFileType = text.plist.xml; path = Info.plist; sourceTree = "<group>"; };
		3AA2BB281D10BA6900412106 /* one_more_thing.mp3 */ = {isa = PBXFileReference; lastKnownFileType = audio.mp3; path = one_more_thing.mp3; sourceTree = "<group>"; };
/* End PBXFileReference section */

/* Begin PBXFrameworksBuildPhase section */
		3A4419FD1D1082C80089BC68 /* Frameworks */ = {
			isa = PBXFrameworksBuildPhase;
			buildActionMask = 2147483647;
			files = (
			);
			runOnlyForDeploymentPostprocessing = 0;
		};
/* End PBXFrameworksBuildPhase section */

/* Begin PBXGroup section */
		3A4419F71D1082C80089BC68 = {
			isa = PBXGroup;
			children = (
				3A441A021D1082C80089BC68 /* SpeechRecognizerDemo */,
				3A441A011D1082C80089BC68 /* Products */,
			);
			sourceTree = "<group>";
		};
		3A441A011D1082C80089BC68 /* Products */ = {
			isa = PBXGroup;
			children = (
				3A441A001D1082C80089BC68 /* SpeechRecognizerDemo.app */,
			);
			name = Products;
			sourceTree = "<group>";
		};
		3A441A021D1082C80089BC68 /* SpeechRecognizerDemo */ = {
			isa = PBXGroup;
			children = (
				3A441A031D1082C80089BC68 /* AppDelegate.swift */,
				3A441A051D1082C80089BC68 /* ViewController.swift */,
				DBEFE40D1E44CFBC0046D559 /* Resources */,
			);
			path = SpeechRecognizerDemo;
			sourceTree = "<group>";
		};
		DBEFE40D1E44CFBC0046D559 /* Resources */ = {
			isa = PBXGroup;
			children = (
				3A441A071D1082C80089BC68 /* Main.storyboard */,
				3A441A0A1D1082C80089BC68 /* Assets.xcassets */,
				3AA2BB281D10BA6900412106 /* one_more_thing.mp3 */,
				3A441A0C1D1082C80089BC68 /* LaunchScreen.storyboard */,
				3A441A0F1D1082C80089BC68 /* Info.plist */,
			);
			name = Resources;
			sourceTree = "<group>";
		};
/* End PBXGroup section */

/* Begin PBXNativeTarget section */
		3A4419FF1D1082C80089BC68 /* SpeechRecognizerDemo */ = {
			isa = PBXNativeTarget;
			buildConfigurationList = 3A441A121D1082C80089BC68 /* Build configuration list for PBXNativeTarget "SpeechRecognizerDemo" */;
			buildPhases = (
				3A4419FC1D1082C80089BC68 /* Sources */,
				3A4419FD1D1082C80089BC68 /* Frameworks */,
				3A4419FE1D1082C80089BC68 /* Resources */,
			);
			buildRules = (
			);
			dependencies = (
			);
			name = SpeechRecognizerDemo;
			productName = SpeechRecognizerDemo;
			productReference = 3A441A001D1082C80089BC68 /* SpeechRecognizerDemo.app */;
			productType = "com.apple.product-type.application";
		};
/* End PBXNativeTarget section */

/* Begin PBXProject section */
		3A4419F81D1082C80089BC68 /* Project object */ = {
			isa = PBXProject;
			attributes = {
				LastSwiftUpdateCheck = 0800;
				LastUpgradeCheck = 0830;
				ORGANIZATIONNAME = Appcelerator;
				TargetAttributes = {
					3A4419FF1D1082C80089BC68 = {
						CreatedOnToolsVersion = 8.0;
						DevelopmentTeam = 6K4KHD4NQF;
						DevelopmentTeamName = "Hans Knoechel";
						ProvisioningStyle = Automatic;
					};
				};
			};
			buildConfigurationList = 3A4419FB1D1082C80089BC68 /* Build configuration list for PBXProject "SpeechRecognizerDemo" */;
			compatibilityVersion = "Xcode 3.2";
			developmentRegion = English;
			hasScannedForEncodings = 0;
			knownRegions = (
				en,
				Base,
			);
			mainGroup = 3A4419F71D1082C80089BC68;
			productRefGroup = 3A441A011D1082C80089BC68 /* Products */;
			projectDirPath = "";
			projectRoot = "";
			targets = (
				3A4419FF1D1082C80089BC68 /* SpeechRecognizerDemo */,
			);
		};
/* End PBXProject section */

/* Begin PBXResourcesBuildPhase section */
		3A4419FE1D1082C80089BC68 /* Resources */ = {
			isa = PBXResourcesBuildPhase;
			buildActionMask = 2147483647;
			files = (
				3A441A0E1D1082C80089BC68 /* LaunchScreen.storyboard in Resources */,
				3AA2BB291D10BA6900412106 /* one_more_thing.mp3 in Resources */,
				3A441A0B1D1082C80089BC68 /* Assets.xcassets in Resources */,
				3A441A091D1082C80089BC68 /* Main.storyboard in Resources */,
			);
			runOnlyForDeploymentPostprocessing = 0;
		};
/* End PBXResourcesBuildPhase section */

/* Begin PBXSourcesBuildPhase section */
		3A4419FC1D1082C80089BC68 /* Sources */ = {
			isa = PBXSourcesBuildPhase;
			buildActionMask = 2147483647;
			files = (
				3A441A061D1082C80089BC68 /* ViewController.swift in Sources */,
				3A441A041D1082C80089BC68 /* AppDelegate.swift in Sources */,
			);
			runOnlyForDeploymentPostprocessing = 0;
		};
/* End PBXSourcesBuildPhase section */

/* Begin PBXVariantGroup section */
		3A441A071D1082C80089BC68 /* Main.storyboard */ = {
			isa = PBXVariantGroup;
			children = (
				3A441A081D1082C80089BC68 /* Base */,
			);
			name = Main.storyboard;
			sourceTree = "<group>";
		};
		3A441A0C1D1082C80089BC68 /* LaunchScreen.storyboard */ = {
			isa = PBXVariantGroup;
			children = (
				3A441A0D1D1082C80089BC68 /* Base */,
			);
			name = LaunchScreen.storyboard;
			sourceTree = "<group>";
		};
/* End PBXVariantGroup section */

/* Begin XCBuildConfiguration section */
		3A441A101D1082C80089BC68 /* Debug */ = {
			isa = XCBuildConfiguration;
			buildSettings = {
				ALWAYS_SEARCH_USER_PATHS = NO;
				CLANG_ANALYZER_NONNULL = YES;
				CLANG_CXX_LANGUAGE_STANDARD = "gnu++0x";
				CLANG_CXX_LIBRARY = "libc++";
				CLANG_ENABLE_MODULES = YES;
				CLANG_ENABLE_OBJC_ARC = YES;
				CLANG_WARN_BOOL_CONVERSION = YES;
				CLANG_WARN_CONSTANT_CONVERSION = YES;
				CLANG_WARN_DIRECT_OBJC_ISA_USAGE = YES_ERROR;
				CLANG_WARN_DOCUMENTATION_COMMENTS = YES;
				CLANG_WARN_EMPTY_BODY = YES;
				CLANG_WARN_ENUM_CONVERSION = YES;
				CLANG_WARN_INFINITE_RECURSION = YES;
				CLANG_WARN_INT_CONVERSION = YES;
				CLANG_WARN_OBJC_ROOT_CLASS = YES_ERROR;
				CLANG_WARN_SUSPICIOUS_MOVE = YES;
				CLANG_WARN_UNREACHABLE_CODE = YES;
				CLANG_WARN__DUPLICATE_METHOD_MATCH = YES;
				"CODE_SIGN_IDENTITY[sdk=iphoneos*]" = "iPhone Developer";
				COPY_PHASE_STRIP = NO;
				DEBUG_INFORMATION_FORMAT = dwarf;
				ENABLE_STRICT_OBJC_MSGSEND = YES;
				ENABLE_TESTABILITY = YES;
				GCC_C_LANGUAGE_STANDARD = gnu99;
				GCC_DYNAMIC_NO_PIC = NO;
				GCC_NO_COMMON_BLOCKS = YES;
				GCC_OPTIMIZATION_LEVEL = 0;
				GCC_PREPROCESSOR_DEFINITIONS = (
					"DEBUG=1",
					"$(inherited)",
				);
				GCC_WARN_64_TO_32_BIT_CONVERSION = YES;
				GCC_WARN_ABOUT_RETURN_TYPE = YES_ERROR;
				GCC_WARN_UNDECLARED_SELECTOR = YES;
				GCC_WARN_UNINITIALIZED_AUTOS = YES_AGGRESSIVE;
				GCC_WARN_UNUSED_FUNCTION = YES;
				GCC_WARN_UNUSED_VARIABLE = YES;
				IPHONEOS_DEPLOYMENT_TARGET = 10.0;
				MTL_ENABLE_DEBUG_INFO = YES;
				ONLY_ACTIVE_ARCH = YES;
				SDKROOT = iphoneos;
				SWIFT_ACTIVE_COMPILATION_CONDITIONS = DEBUG;
				SWIFT_OPTIMIZATION_LEVEL = "-Onone";
				TARGETED_DEVICE_FAMILY = "1,2";
			};
			name = Debug;
		};
		3A441A111D1082C80089BC68 /* Release */ = {
			isa = XCBuildConfiguration;
			buildSettings = {
				ALWAYS_SEARCH_USER_PATHS = NO;
				CLANG_ANALYZER_NONNULL = YES;
				CLANG_CXX_LANGUAGE_STANDARD = "gnu++0x";
				CLANG_CXX_LIBRARY = "libc++";
				CLANG_ENABLE_MODULES = YES;
				CLANG_ENABLE_OBJC_ARC = YES;
				CLANG_WARN_BOOL_CONVERSION = YES;
				CLANG_WARN_CONSTANT_CONVERSION = YES;
				CLANG_WARN_DIRECT_OBJC_ISA_USAGE = YES_ERROR;
				CLANG_WARN_DOCUMENTATION_COMMENTS = YES;
				CLANG_WARN_EMPTY_BODY = YES;
				CLANG_WARN_ENUM_CONVERSION = YES;
				CLANG_WARN_INFINITE_RECURSION = YES;
				CLANG_WARN_INT_CONVERSION = YES;
				CLANG_WARN_OBJC_ROOT_CLASS = YES_ERROR;
				CLANG_WARN_SUSPICIOUS_MOVE = YES;
				CLANG_WARN_UNREACHABLE_CODE = YES;
				CLANG_WARN__DUPLICATE_METHOD_MATCH = YES;
				"CODE_SIGN_IDENTITY[sdk=iphoneos*]" = "iPhone Developer";
				COPY_PHASE_STRIP = NO;
				DEBUG_INFORMATION_FORMAT = "dwarf-with-dsym";
				ENABLE_NS_ASSERTIONS = NO;
				ENABLE_STRICT_OBJC_MSGSEND = YES;
				GCC_C_LANGUAGE_STANDARD = gnu99;
				GCC_NO_COMMON_BLOCKS = YES;
				GCC_WARN_64_TO_32_BIT_CONVERSION = YES;
				GCC_WARN_ABOUT_RETURN_TYPE = YES_ERROR;
				GCC_WARN_UNDECLARED_SELECTOR = YES;
				GCC_WARN_UNINITIALIZED_AUTOS = YES_AGGRESSIVE;
				GCC_WARN_UNUSED_FUNCTION = YES;
				GCC_WARN_UNUSED_VARIABLE = YES;
				IPHONEOS_DEPLOYMENT_TARGET = 10.0;
				MTL_ENABLE_DEBUG_INFO = NO;
				SDKROOT = iphoneos;
				SWIFT_OPTIMIZATION_LEVEL = "-Owholemodule";
				TARGETED_DEVICE_FAMILY = "1,2";
				VALIDATE_PRODUCT = YES;
			};
			name = Release;
		};
		3A441A131D1082C80089BC68 /* Debug */ = {
			isa = XCBuildConfiguration;
			buildSettings = {
				ASSETCATALOG_COMPILER_APPICON_NAME = AppIcon;
				DEVELOPMENT_TEAM = 6K4KHD4NQF;
				INFOPLIST_FILE = SpeechRecognizerDemo/Info.plist;
				LD_RUNPATH_SEARCH_PATHS = "$(inherited) @executable_path/Frameworks";
				PRODUCT_BUNDLE_IDENTIFIER = com.appcelerator.SpeechRecognizerDemo;
				PRODUCT_NAME = "$(TARGET_NAME)";
				SWIFT_VERSION = 3.0;
			};
			name = Debug;
		};
		3A441A141D1082C80089BC68 /* Release */ = {
			isa = XCBuildConfiguration;
			buildSettings = {
				ASSETCATALOG_COMPILER_APPICON_NAME = AppIcon;
				DEVELOPMENT_TEAM = 6K4KHD4NQF;
				INFOPLIST_FILE = SpeechRecognizerDemo/Info.plist;
				LD_RUNPATH_SEARCH_PATHS = "$(inherited) @executable_path/Frameworks";
				PRODUCT_BUNDLE_IDENTIFIER = com.appcelerator.SpeechRecognizerDemo;
				PRODUCT_NAME = "$(TARGET_NAME)";
				SWIFT_VERSION = 3.0;
			};
			name = Release;
		};
/* End XCBuildConfiguration section */

/* Begin XCConfigurationList section */
		3A4419FB1D1082C80089BC68 /* Build configuration list for PBXProject "SpeechRecognizerDemo" */ = {
			isa = XCConfigurationList;
			buildConfigurations = (
				3A441A101D1082C80089BC68 /* Debug */,
				3A441A111D1082C80089BC68 /* Release */,
			);
			defaultConfigurationIsVisible = 0;
			defaultConfigurationName = Release;
		};
		3A441A121D1082C80089BC68 /* Build configuration list for PBXNativeTarget "SpeechRecognizerDemo" */ = {
			isa = XCConfigurationList;
			buildConfigurations = (
				3A441A131D1082C80089BC68 /* Debug */,
				3A441A141D1082C80089BC68 /* Release */,
			);
			defaultConfigurationIsVisible = 0;
			defaultConfigurationName = Release;
		};
/* End XCConfigurationList section */
	};
	rootObject = 3A4419F81D1082C80089BC68 /* Project object */;
}
